
Microsoft Visual Studio Solution File, Format Version 11.00
# Visual Studio 2010
Project("{8BC9CEB8-8B4A-11D0-8D11-00A0C91BC942}") = "GettingStarted", "Chapter1\GettingStarted\GettingStarted\GettingStarted.vcxproj", "{935B349F-41BC-4AC8-8427-6878D0B101BB}"
	ProjectSection(ProjectDependencies) = postProject
		{664E6F0D-6784-4760-9565-D54F8EB1EDF4} = {664E6F0D-6784-4760-9565-D54F8EB1EDF4}
		{1AE4E979-0D35-4747-BF8E-DD60358F49DB} = {1AE4E979-0D35-4747-BF8E-DD60358F49DB}
		{C32FB2B4-500C-43CD-A099-EECCE079D3F1} = {C32FB2B4-500C-43CD-A099-EECCE079D3F1}
	EndProjectSection
EndProject
Project("{8BC9CEB8-8B4A-11D0-8D11-00A0C91BC942}") = "ImageLoader", "Chapter1\ImageLoader\ImageLoader\ImageLoader.vcxproj", "{E6421DCA-5B32-4127-B3EC-F84AD85F06BC}"
EndProject
Project("{8BC9CEB8-8B4A-11D0-8D11-00A0C91BC942}") = "RippleDeformer", "Chapter1\RippleDeformer\RippleDeformer\RippleDeformer.vcxproj", "{009EF3D1-4A2F-48A6-B796-A50BEA38DECD}"
EndProject
Project("{8BC9CEB8-8B4A-11D0-8D11-00A0C91BC942}") = "SimpleTriangle", "Chapter1\SimpleTriangle\SimpleTriangle\SimpleTriangle.vcxproj", "{07CFB0AF-791D-4339-BDC4-05298F427E69}"
EndProject
Project("{8BC9CEB8-8B4A-11D0-8D11-00A0C91BC942}") = "SubdivisionGeometryShader", "Chapter1\SubdivisionGeometryShader\SubdivisionGeometryShader\SubdivisionGeometryShader.vcxproj", "{B183B343-0BDC-47AA-A9C0-DB90F5796989}"
EndProject
Project("{8BC9CEB8-8B4A-11D0-8D11-00A0C91BC942}") = "SubdivisionGeometryShader_Instanced", "Chapter1\SubdivisionGeometryShader_Instanced\SubdivisionGeometryShader_Instanced\SubdivisionGeometryShader_Instanced.vcxproj", "{B082C449-C1CE-40D3-B585-D0CF7B389AC9}"
EndProject
Project("{2150E333-8FDC-42A3-9474-1A3956D46DE8}") = "Chapter 1", "Chapter 1", "{9385F9BA-D33F-4554-BDDD-4C633017E6BE}"
EndProject
Project("{2150E333-8FDC-42A3-9474-1A3956D46DE8}") = "Chapter 2", "Chapter 2", "{ED10E2C5-AB20-4494-9FAD-2C0B35883576}"
EndProject
Project("{8BC9CEB8-8B4A-11D0-8D11-00A0C91BC942}") = "FreeCamera", "Chapter2\FreeCamera\FreeCamera\FreeCamera.vcxproj", "{DDDC0876-5CD6-45B3-9B87-BA258049524A}"
EndProject
Project("{8BC9CEB8-8B4A-11D0-8D11-00A0C91BC942}") = "Picking_ColorBuffer", "Chapter2\Picking_ColorBuffer\Picking_ColorBuffer\Picking_ColorBuffer.vcxproj", "{A13AC48F-A95A-4CE5-8916-7209F0D3B65A}"
EndProject
Project("{8BC9CEB8-8B4A-11D0-8D11-00A0C91BC942}") = "Picking_DepthBuffer", "Chapter2\Picking_DepthBuffer\Picking_DepthBuffer\Picking_DepthBuffer.vcxproj", "{ED030995-3452-41CE-913F-7E3B4F9F6808}"
EndProject
Project("{8BC9CEB8-8B4A-11D0-8D11-00A0C91BC942}") = "Picking_SceneIntersection", "Chapter2\Picking_SceneIntersection\Picking_SceneIntersection\Picking_SceneIntersection.vcxproj", "{AF500838-C2CA-4007-A5F6-EF448E8FB2B3}"
EndProject
Project("{8BC9CEB8-8B4A-11D0-8D11-00A0C91BC942}") = "SimpleCamera", "Chapter2\SimpleCamera\SimpleCamera\SimpleCamera.vcxproj", "{31192AFB-982F-4588-8AE5-1348EC2D5C9E}"
EndProject
Project("{8BC9CEB8-8B4A-11D0-8D11-00A0C91BC942}") = "TargetCamera", "Chapter2\TargetCamera\TargetCamera\TargetCamera.vcxproj", "{A5295F7A-5BF5-4AEF-A6F7-7CF3FDBE04EF}"
EndProject
Project("{8BC9CEB8-8B4A-11D0-8D11-00A0C91BC942}") = "ViewFrustumCulling", "Chapter2\ViewFrustumCulling\ViewFrustumCulling\ViewFrustumCulling.vcxproj", "{F9239E26-DE57-422B-B0E3-D858D360232F}"
EndProject
Project("{2150E333-8FDC-42A3-9474-1A3956D46DE8}") = "Chapter 3", "Chapter 3", "{A2831156-0D4F-4A8D-892E-0B612CF3E4D8}"
EndProject
Project("{8BC9CEB8-8B4A-11D0-8D11-00A0C91BC942}") = "Convolution", "Chapter3\Convolution\Convolution\Convolution.vcxproj", "{977D6E2B-2E6D-4163-96CF-1933F884D109}"
EndProject
Project("{8BC9CEB8-8B4A-11D0-8D11-00A0C91BC942}") = "DynamicCubemap", "Chapter3\DynamicCubemap\DynamicCubemap.vcxproj", "{3315BF0A-FD3F-4BFD-BEF5-7B49E764DE7E}"
EndProject
Project("{8BC9CEB8-8B4A-11D0-8D11-00A0C91BC942}") = "Glow", "Chapter3\Glow\Glow.vcxproj", "{D7B3B3A9-BA9C-47A0-9615-B522FD4F2E23}"
EndProject
Project("{8BC9CEB8-8B4A-11D0-8D11-00A0C91BC942}") = "MirrorUsingFBO", "Chapter3\MirrorUsingFBO\MirrorUsingFBO\MirrorUsingFBO.vcxproj", "{D7D9879C-CB88-4D17-9724-7F56F49B4282}"
EndProject
Project("{8BC9CEB8-8B4A-11D0-8D11-00A0C91BC942}") = "Skybox", "Chapter3\Skybox\Skybox.vcxproj", "{2A0AC4C3-7DD5-4162-A350-E1513FE931D9}"
EndProject
Project("{8BC9CEB8-8B4A-11D0-8D11-00A0C91BC942}") = "SkyboxWater", "Chapter3\SkyboxWater\SkyboxWater.vcxproj", "{0E73467F-79DC-44FC-B013-1AF05772615F}"
EndProject
Project("{8BC9CEB8-8B4A-11D0-8D11-00A0C91BC942}") = "TwirlFilter", "Chapter3\TwirlFilter\TwirlFilter\TwirlFilter.vcxproj", "{9D496282-2D57-427C-852A-5299D86E1E39}"
EndProject
Project("{2150E333-8FDC-42A3-9474-1A3956D46DE8}") = "Chapter 4", "Chapter 4", "{023EAA46-385D-44B0-BFE0-E678F2DB2379}"
EndProject
Project("{8BC9CEB8-8B4A-11D0-8D11-00A0C91BC942}") = "DirectionalLight", "Chapter4\DirectionalLight\DirectionalLight.vcxproj", "{8C9C4A7E-BE4D-4D27-91F0-ADB8CE64A729}"
EndProject
Project("{8BC9CEB8-8B4A-11D0-8D11-00A0C91BC942}") = "PerFragmentLighting", "Chapter4\PerFragmentLighting\PerFragmentLighting.vcxproj.vcxproj", "{487D2C47-8932-452B-8739-51B882F292F3}"
EndProject
Project("{8BC9CEB8-8B4A-11D0-8D11-00A0C91BC942}") = "PerVertexLighting", "Chapter4\PerVertexLighting\PerVertexLighting.vcxproj", "{3EF9F77E-8821-45B4-A20D-ADC20AA3053D}"
EndProject
Project("{8BC9CEB8-8B4A-11D0-8D11-00A0C91BC942}") = "PointLight", "Chapter4\PointLight\PointLight.vcxproj", "{48EBA7F4-9AA7-4BF8-B43F-068FA10AD110}"
EndProject
Project("{8BC9CEB8-8B4A-11D0-8D11-00A0C91BC942}") = "ShadowMapping", "Chapter4\ShadowMapping\ShadowMapping.vcxproj", "{C720FD2C-9B81-445E-8205-2FC8CAE95039}"
EndProject
Project("{8BC9CEB8-8B4A-11D0-8D11-00A0C91BC942}") = "ShadowMappingPCF", "Chapter4\ShadowMappingPCF\ShadowMappingPCF.vcxproj", "{437195BE-AD76-4C8E-B189-93852908E4F5}"
EndProject
Project("{8BC9CEB8-8B4A-11D0-8D11-00A0C91BC942}") = "SpotLight", "Chapter4\SpotLight\SpotLight.vcxproj", "{0AD7FF82-9D94-4EE6-B0A8-87BCCD105D0E}"
EndProject
Project("{8BC9CEB8-8B4A-11D0-8D11-00A0C91BC942}") = "VarianceShadowMapping", "Chapter4\VarianceShadowMapping\VarianceShadowMapping.vcxproj", "{4DAECCE1-1093-485C-B6E8-DE80CC6B06CC}"
EndProject
Project("{2150E333-8FDC-42A3-9474-1A3956D46DE8}") = "Chapter 5", "Chapter 5", "{3212825F-158E-43E0-89CE-54BAB65BACE1}"
EndProject
Project("{8BC9CEB8-8B4A-11D0-8D11-00A0C91BC942}") = "3dsViewer", "Chapter5\3dsViewer\3dsViewer.vcxproj", "{E528012D-57CE-45EA-9D82-25AD9EEDEA2C}"
EndProject
Project("{8BC9CEB8-8B4A-11D0-8D11-00A0C91BC942}") = "EZMeshViewer", "Chapter5\EZMeshViewer\EZMeshViewer.vcxproj", "{92379FB7-BA6B-4526-A3A0-D837503ACFCC}"
EndProject
Project("{8BC9CEB8-8B4A-11D0-8D11-00A0C91BC942}") = "ObjViewer", "Chapter5\ObjViewer\ObjViewer.vcxproj", "{353F57DC-404B-4FD0-9D0C-CBEAF2C96C1C}"
EndProject
Project("{8BC9CEB8-8B4A-11D0-8D11-00A0C91BC942}") = "SimpleParticles", "Chapter5\SimpleParticles\SimpleParticles.vcxproj", "{AAFC83A0-E200-4861-A7E7-3C83A5DA76A0}"
EndProject
Project("{8BC9CEB8-8B4A-11D0-8D11-00A0C91BC942}") = "TerrainGeometryShader", "Chapter5\TerrainGeometryShader\TerrainGeometryShader\TerrainGeometryShader.vcxproj", "{FB045E03-5793-414C-916C-C0BB1E960923}"
EndProject
Project("{8BC9CEB8-8B4A-11D0-8D11-00A0C91BC942}") = "TerrainLoading", "Chapter5\TerrainLoading\TerrainLoading\TerrainLoading.vcxproj", "{F4DE48E5-4405-4F23-BC71-C86E890A30BF}"
EndProject
Project("{2150E333-8FDC-42A3-9474-1A3956D46DE8}") = "Chapter 6", "Chapter 6", "{9ACE8DA1-B35B-4A00-ABC4-4ACC856F694D}"
EndProject
Project("{8BC9CEB8-8B4A-11D0-8D11-00A0C91BC942}") = "DualDepthPeeling", "Chapter6\DualDepthPeeling\DualDepthPeeling.vcxproj", "{6D42E99B-73B2-48F0-8FED-52C41E9FC0D2}"
EndProject
Project("{8BC9CEB8-8B4A-11D0-8D11-00A0C91BC942}") = "FrontToBackPeeling", "Chapter6\FrontToBackPeeling\FrontToBackPeeling.vcxproj", "{7349DDAF-37F2-4C73-ACAA-08EF6CAB5F12}"
EndProject
Project("{8BC9CEB8-8B4A-11D0-8D11-00A0C91BC942}") = "GPUPathtracing", "Chapter6\GPUPathtracing\GPUPathtracing.vcxproj", "{4C2D7DD2-8C2D-4EA7-86C7-4CA0A02B662B}"
EndProject
Project("{8BC9CEB8-8B4A-11D0-8D11-00A0C91BC942}") = "GPURaytracing", "Chapter6\GPURaytracing\GPURaytracing.vcxproj", "{B24D5AB8-F772-4B48-B8E5-0D7416AB6366}"
EndProject
Project("{8BC9CEB8-8B4A-11D0-8D11-00A0C91BC942}") = "SphericalHarmonics", "Chapter6\SphericalHarmonics\SphericalHarmonics.vcxproj", "{8B6F97D4-D821-4599-8959-1BF278B5921B}"
EndProject
Project("{8BC9CEB8-8B4A-11D0-8D11-00A0C91BC942}") = "SSAO", "Chapter6\SSAO\SSAO.vcxproj", "{21ED0B27-1AA1-41DB-B40E-6A0E7217EBF6}"
EndProject
Project("{2150E333-8FDC-42A3-9474-1A3956D46DE8}") = "Chapter 7", "Chapter 7", "{70F31685-4F35-4B8E-85FD-85DC0F7DA3B2}"
EndProject
Project("{8BC9CEB8-8B4A-11D0-8D11-00A0C91BC942}") = "3DTextureSlicing", "Chapter7\3DTextureSlicing\3DTextureSlicing.vcxproj", "{BE64854E-AB6D-4CCE-8E2B-B92B8E6BFECA}"
EndProject
Project("{8BC9CEB8-8B4A-11D0-8D11-00A0C91BC942}") = "3DTextureSlicingClassification", "Chapter7\3DTextureSlicingClassification\3DTextureSlicingClassification.vcxproj", "{83757841-3366-498B-9C03-351EE02012B2}"
EndProject
Project("{8BC9CEB8-8B4A-11D0-8D11-00A0C91BC942}") = "GPURaycasting", "Chapter7\GPURaycasting\GPURaycasting.vcxproj", "{DB665331-3CCA-435C-9048-47F0DA98EB25}"
EndProject
Project("{8BC9CEB8-8B4A-11D0-8D11-00A0C91BC942}") = "GPURaycastingIsosurface", "Chapter7\GPURaycastingIsosurface\GPURaycastingIsosurface.vcxproj", "{863CD059-15A3-49A5-AA2E-28DE96EEE38E}"
EndProject
Project("{8BC9CEB8-8B4A-11D0-8D11-00A0C91BC942}") = "HalfAngleSlicing", "Chapter7\HalfAngleSlicing\HalfAngleSlicing.vcxproj", "{E53E31D0-E806-44E0-A472-9689867FC516}"
EndProject
Project("{8BC9CEB8-8B4A-11D0-8D11-00A0C91BC942}") = "MarchingTetrahedra", "Chapter7\MarchingTetrahedra\MarchingTetrahedra.vcxproj", "{3BD54D6F-30F4-4A93-A63D-326AFFDF971D}"
EndProject
Project("{8BC9CEB8-8B4A-11D0-8D11-00A0C91BC942}") = "Splatting", "Chapter7\Splatting\Splatting.vcxproj", "{550345F4-22C6-4BD8-80C1-2A36E0BAC4BF}"
EndProject
Project("{2150E333-8FDC-42A3-9474-1A3956D46DE8}") = "Chapter 8", "Chapter 8", "{7A32F45B-2778-4F78-A0CA-9EEA56EDC42B}"
EndProject
Project("{8BC9CEB8-8B4A-11D0-8D11-00A0C91BC942}") = "DualQuaternionSkinning", "Chapter8\DualQuaternionSkinning\DualQuaternionSkinning.vcxproj", "{566C76A7-8A4C-4194-B323-5CA50B9E82D5}"
EndProject
Project("{8BC9CEB8-8B4A-11D0-8D11-00A0C91BC942}") = "MatrixPaletteSkinning", "Chapter8\MatrixPaletteSkinning\MatrixPaletteSkinning.vcxproj", "{021656C7-A822-4019-B1AA-F6D35AC489E2}"
EndProject
Project("{8BC9CEB8-8B4A-11D0-8D11-00A0C91BC942}") = "TransformFeedbackCloth", "Chapter8\TransformFeedbackCloth\TransformFeedbackCloth.vcxproj", "{C8EEA321-0FE5-4D42-92F7-E1BBB2A32911}"
EndProject
Project("{8BC9CEB8-8B4A-11D0-8D11-00A0C91BC942}") = "TransformFeedbackClothCollision", "Chapter8\TransformFeedbackClothCollision\TransformFeedbackClothCollision.vcxproj", "{771B0D80-DC15-470B-B5BF-DB9CA360ECC6}"
EndProject
Project("{8BC9CEB8-8B4A-11D0-8D11-00A0C91BC942}") = "TransformFeedbackParticles", "Chapter8\TransformFeedbackParticles\TransformFeedbackParticles.vcxproj", "{8753F4B2-8D94-495C-95EE-C9E62F5F5661}"
EndProject
Project("{2150E333-8FDC-42A3-9474-1A3956D46DE8}") = "externals", "externals", "{5A79F146-98AB-4B1E-9172-F193C98EB6C9}"
EndProject
Project("{8BC9CEB8-8B4A-11D0-8D11-00A0C91BC942}") = "freeglut", "externals\freeglut-2.8.1\VisualStudio\2010\freeglut.vcxproj", "{1AE4E979-0D35-4747-BF8E-DD60358F49DB}"
EndProject
Project("{8BC9CEB8-8B4A-11D0-8D11-00A0C91BC942}") = "glew_static", "externals\glew-1.10.0\build\vc10\glew_static.vcxproj", "{664E6F0D-6784-4760-9565-D54F8EB1EDF4}"
EndProject
Project("{8BC9CEB8-8B4A-11D0-8D11-00A0C91BC942}") = "SOIL", "externals\Simple OpenGL Image Library\projects\VC10\SOIL.vcxproj", "{C32FB2B4-500C-43CD-A099-EECCE079D3F1}"
EndProject
Global
	GlobalSection(SolutionConfigurationPlatforms) = preSolution
		Debug|Win32 = Debug|Win32
		Debug|x64 = Debug|x64
		Release|Win32 = Release|Win32
		Release|x64 = Release|x64
	EndGlobalSection
	GlobalSection(ProjectConfigurationPlatforms) = postSolution
		{935B349F-41BC-4AC8-8427-6878D0B101BB}.Debug|Win32.ActiveCfg = Debug|Win32
		{935B349F-41BC-4AC8-8427-6878D0B101BB}.Debug|Win32.Build.0 = Debug|Win32
		{935B349F-41BC-4AC8-8427-6878D0B101BB}.Debug|x64.ActiveCfg = Debug|Win32
		{935B349F-41BC-4AC8-8427-6878D0B101BB}.Release|Win32.ActiveCfg = Release|Win32
		{935B349F-41BC-4AC8-8427-6878D0B101BB}.Release|Win32.Build.0 = Release|Win32
		{935B349F-41BC-4AC8-8427-6878D0B101BB}.Release|x64.ActiveCfg = Release|Win32
		{E6421DCA-5B32-4127-B3EC-F84AD85F06BC}.Debug|Win32.ActiveCfg = Debug|Win32
		{E6421DCA-5B32-4127-B3EC-F84AD85F06BC}.Debug|Win32.Build.0 = Debug|Win32
		{E6421DCA-5B32-4127-B3EC-F84AD85F06BC}.Debug|x64.ActiveCfg = Debug|Win32
		{E6421DCA-5B32-4127-B3EC-F84AD85F06BC}.Release|Win32.ActiveCfg = Release|Win32
		{E6421DCA-5B32-4127-B3EC-F84AD85F06BC}.Release|Win32.Build.0 = Release|Win32
		{E6421DCA-5B32-4127-B3EC-F84AD85F06BC}.Release|x64.ActiveCfg = Release|Win32
		{009EF3D1-4A2F-48A6-B796-A50BEA38DECD}.Debug|Win32.ActiveCfg = Debug|Win32
		{009EF3D1-4A2F-48A6-B796-A50BEA38DECD}.Debug|Win32.Build.0 = Debug|Win32
		{009EF3D1-4A2F-48A6-B796-A50BEA38DECD}.Debug|x64.ActiveCfg = Debug|Win32
		{009EF3D1-4A2F-48A6-B796-A50BEA38DECD}.Release|Win32.ActiveCfg = Release|Win32
		{009EF3D1-4A2F-48A6-B796-A50BEA38DECD}.Release|Win32.Build.0 = Release|Win32
		{009EF3D1-4A2F-48A6-B796-A50BEA38DECD}.Release|x64.ActiveCfg = Release|Win32
		{07CFB0AF-791D-4339-BDC4-05298F427E69}.Debug|Win32.ActiveCfg = Debug|Win32
		{07CFB0AF-791D-4339-BDC4-05298F427E69}.Debug|Win32.Build.0 = Debug|Win32
		{07CFB0AF-791D-4339-BDC4-05298F427E69}.Debug|x64.ActiveCfg = Debug|Win32
		{07CFB0AF-791D-4339-BDC4-05298F427E69}.Release|Win32.ActiveCfg = Release|Win32
		{07CFB0AF-791D-4339-BDC4-05298F427E69}.Release|Win32.Build.0 = Release|Win32
		{07CFB0AF-791D-4339-BDC4-05298F427E69}.Release|x64.ActiveCfg = Release|Win32
		{B183B343-0BDC-47AA-A9C0-DB90F5796989}.Debug|Win32.ActiveCfg = Debug|Win32
		{B183B343-0BDC-47AA-A9C0-DB90F5796989}.Debug|Win32.Build.0 = Debug|Win32
		{B183B343-0BDC-47AA-A9C0-DB90F5796989}.Debug|x64.ActiveCfg = Debug|Win32
		{B183B343-0BDC-47AA-A9C0-DB90F5796989}.Release|Win32.ActiveCfg = Release|Win32
		{B183B343-0BDC-47AA-A9C0-DB90F5796989}.Release|Win32.Build.0 = Release|Win32
		{B183B343-0BDC-47AA-A9C0-DB90F5796989}.Release|x64.ActiveCfg = Release|Win32
		{B082C449-C1CE-40D3-B585-D0CF7B389AC9}.Debug|Win32.ActiveCfg = Debug|Win32
		{B082C449-C1CE-40D3-B585-D0CF7B389AC9}.Debug|Win32.Build.0 = Debug|Win32
		{B082C449-C1CE-40D3-B585-D0CF7B389AC9}.Debug|x64.ActiveCfg = Debug|Win32
		{B082C449-C1CE-40D3-B585-D0CF7B389AC9}.Release|Win32.ActiveCfg = Release|Win32
		{B082C449-C1CE-40D3-B585-D0CF7B389AC9}.Release|Win32.Build.0 = Release|Win32
		{B082C449-C1CE-40D3-B585-D0CF7B389AC9}.Release|x64.ActiveCfg = Release|Win32
		{DDDC0876-5CD6-45B3-9B87-BA258049524A}.Debug|Win32.ActiveCfg = Debug|Win32
		{DDDC0876-5CD6-45B3-9B87-BA258049524A}.Debug|Win32.Build.0 = Debug|Win32
		{DDDC0876-5CD6-45B3-9B87-BA258049524A}.Debug|x64.ActiveCfg = Debug|Win32
		{DDDC0876-5CD6-45B3-9B87-BA258049524A}.Release|Win32.ActiveCfg = Release|Win32
		{DDDC0876-5CD6-45B3-9B87-BA258049524A}.Release|Win32.Build.0 = Release|Win32
		{DDDC0876-5CD6-45B3-9B87-BA258049524A}.Release|x64.ActiveCfg = Release|Win32
		{A13AC48F-A95A-4CE5-8916-7209F0D3B65A}.Debug|Win32.ActiveCfg = Debug|Win32
		{A13AC48F-A95A-4CE5-8916-7209F0D3B65A}.Debug|Win32.Build.0 = Debug|Win32
		{A13AC48F-A95A-4CE5-8916-7209F0D3B65A}.Debug|x64.ActiveCfg = Debug|Win32
		{A13AC48F-A95A-4CE5-8916-7209F0D3B65A}.Release|Win32.ActiveCfg = Release|Win32
		{A13AC48F-A95A-4CE5-8916-7209F0D3B65A}.Release|Win32.Build.0 = Release|Win32
		{A13AC48F-A95A-4CE5-8916-7209F0D3B65A}.Release|x64.ActiveCfg = Release|Win32
		{ED030995-3452-41CE-913F-7E3B4F9F6808}.Debug|Win32.ActiveCfg = Debug|Win32
		{ED030995-3452-41CE-913F-7E3B4F9F6808}.Debug|Win32.Build.0 = Debug|Win32
		{ED030995-3452-41CE-913F-7E3B4F9F6808}.Debug|x64.ActiveCfg = Debug|Win32
		{ED030995-3452-41CE-913F-7E3B4F9F6808}.Release|Win32.ActiveCfg = Release|Win32
		{ED030995-3452-41CE-913F-7E3B4F9F6808}.Release|Win32.Build.0 = Release|Win32
		{ED030995-3452-41CE-913F-7E3B4F9F6808}.Release|x64.ActiveCfg = Release|Win32
		{AF500838-C2CA-4007-A5F6-EF448E8FB2B3}.Debug|Win32.ActiveCfg = Debug|Win32
		{AF500838-C2CA-4007-A5F6-EF448E8FB2B3}.Debug|Win32.Build.0 = Debug|Win32
		{AF500838-C2CA-4007-A5F6-EF448E8FB2B3}.Debug|x64.ActiveCfg = Debug|Win32
		{AF500838-C2CA-4007-A5F6-EF448E8FB2B3}.Release|Win32.ActiveCfg = Release|Win32
		{AF500838-C2CA-4007-A5F6-EF448E8FB2B3}.Release|Win32.Build.0 = Release|Win32
		{AF500838-C2CA-4007-A5F6-EF448E8FB2B3}.Release|x64.ActiveCfg = Release|Win32
		{31192AFB-982F-4588-8AE5-1348EC2D5C9E}.Debug|Win32.ActiveCfg = Debug|Win32
		{31192AFB-982F-4588-8AE5-1348EC2D5C9E}.Debug|Win32.Build.0 = Debug|Win32
		{31192AFB-982F-4588-8AE5-1348EC2D5C9E}.Debug|x64.ActiveCfg = Debug|Win32
		{31192AFB-982F-4588-8AE5-1348EC2D5C9E}.Release|Win32.ActiveCfg = Release|Win32
		{31192AFB-982F-4588-8AE5-1348EC2D5C9E}.Release|Win32.Build.0 = Release|Win32
		{31192AFB-982F-4588-8AE5-1348EC2D5C9E}.Release|x64.ActiveCfg = Release|Win32
		{A5295F7A-5BF5-4AEF-A6F7-7CF3FDBE04EF}.Debug|Win32.ActiveCfg = Debug|Win32
		{A5295F7A-5BF5-4AEF-A6F7-7CF3FDBE04EF}.Debug|Win32.Build.0 = Debug|Win32
		{A5295F7A-5BF5-4AEF-A6F7-7CF3FDBE04EF}.Debug|x64.ActiveCfg = Debug|Win32
		{A5295F7A-5BF5-4AEF-A6F7-7CF3FDBE04EF}.Release|Win32.ActiveCfg = Release|Win32
		{A5295F7A-5BF5-4AEF-A6F7-7CF3FDBE04EF}.Release|Win32.Build.0 = Release|Win32
		{A5295F7A-5BF5-4AEF-A6F7-7CF3FDBE04EF}.Release|x64.ActiveCfg = Release|Win32
		{F9239E26-DE57-422B-B0E3-D858D360232F}.Debug|Win32.ActiveCfg = Debug|Win32
		{F9239E26-DE57-422B-B0E3-D858D360232F}.Debug|Win32.Build.0 = Debug|Win32
		{F9239E26-DE57-422B-B0E3-D858D360232F}.Debug|x64.ActiveCfg = Debug|Win32
		{F9239E26-DE57-422B-B0E3-D858D360232F}.Release|Win32.ActiveCfg = Release|Win32
		{F9239E26-DE57-422B-B0E3-D858D360232F}.Release|Win32.Build.0 = Release|Win32
		{F9239E26-DE57-422B-B0E3-D858D360232F}.Release|x64.ActiveCfg = Release|Win32
		{977D6E2B-2E6D-4163-96CF-1933F884D109}.Debug|Win32.ActiveCfg = Debug|Win32
		{977D6E2B-2E6D-4163-96CF-1933F884D109}.Debug|Win32.Build.0 = Debug|Win32
		{977D6E2B-2E6D-4163-96CF-1933F884D109}.Debug|x64.ActiveCfg = Debug|Win32
		{977D6E2B-2E6D-4163-96CF-1933F884D109}.Release|Win32.ActiveCfg = Release|Win32
		{977D6E2B-2E6D-4163-96CF-1933F884D109}.Release|Win32.Build.0 = Release|Win32
		{977D6E2B-2E6D-4163-96CF-1933F884D109}.Release|x64.ActiveCfg = Release|Win32
		{3315BF0A-FD3F-4BFD-BEF5-7B49E764DE7E}.Debug|Win32.ActiveCfg = Debug|Win32
		{3315BF0A-FD3F-4BFD-BEF5-7B49E764DE7E}.Debug|Win32.Build.0 = Debug|Win32
		{3315BF0A-FD3F-4BFD-BEF5-7B49E764DE7E}.Debug|x64.ActiveCfg = Debug|Win32
		{3315BF0A-FD3F-4BFD-BEF5-7B49E764DE7E}.Release|Win32.ActiveCfg = Release|Win32
		{3315BF0A-FD3F-4BFD-BEF5-7B49E764DE7E}.Release|Win32.Build.0 = Release|Win32
		{3315BF0A-FD3F-4BFD-BEF5-7B49E764DE7E}.Release|x64.ActiveCfg = Release|Win32
		{D7B3B3A9-BA9C-47A0-9615-B522FD4F2E23}.Debug|Win32.ActiveCfg = Debug|Win32
		{D7B3B3A9-BA9C-47A0-9615-B522FD4F2E23}.Debug|Win32.Build.0 = Debug|Win32
		{D7B3B3A9-BA9C-47A0-9615-B522FD4F2E23}.Debug|x64.ActiveCfg = Debug|Win32
		{D7B3B3A9-BA9C-47A0-9615-B522FD4F2E23}.Release|Win32.ActiveCfg = Release|Win32
		{D7B3B3A9-BA9C-47A0-9615-B522FD4F2E23}.Release|Win32.Build.0 = Release|Win32
		{D7B3B3A9-BA9C-47A0-9615-B522FD4F2E23}.Release|x64.ActiveCfg = Release|Win32
		{D7D9879C-CB88-4D17-9724-7F56F49B4282}.Debug|Win32.ActiveCfg = Debug|Win32
		{D7D9879C-CB88-4D17-9724-7F56F49B4282}.Debug|Win32.Build.0 = Debug|Win32
		{D7D9879C-CB88-4D17-9724-7F56F49B4282}.Debug|x64.ActiveCfg = Debug|Win32
		{D7D9879C-CB88-4D17-9724-7F56F49B4282}.Release|Win32.ActiveCfg = Release|Win32
		{D7D9879C-CB88-4D17-9724-7F56F49B4282}.Release|Win32.Build.0 = Release|Win32
		{D7D9879C-CB88-4D17-9724-7F56F49B4282}.Release|x64.ActiveCfg = Release|Win32
		{2A0AC4C3-7DD5-4162-A350-E1513FE931D9}.Debug|Win32.ActiveCfg = Debug|Win32
		{2A0AC4C3-7DD5-4162-A350-E1513FE931D9}.Debug|Win32.Build.0 = Debug|Win32
		{2A0AC4C3-7DD5-4162-A350-E1513FE931D9}.Debug|x64.ActiveCfg = Debug|Win32
		{2A0AC4C3-7DD5-4162-A350-E1513FE931D9}.Release|Win32.ActiveCfg = Release|Win32
		{2A0AC4C3-7DD5-4162-A350-E1513FE931D9}.Release|Win32.Build.0 = Release|Win32
		{2A0AC4C3-7DD5-4162-A350-E1513FE931D9}.Release|x64.ActiveCfg = Release|Win32
		{0E73467F-79DC-44FC-B013-1AF05772615F}.Debug|Win32.ActiveCfg = Debug|Win32
		{0E73467F-79DC-44FC-B013-1AF05772615F}.Debug|Win32.Build.0 = Debug|Win32
		{0E73467F-79DC-44FC-B013-1AF05772615F}.Debug|x64.ActiveCfg = Debug|Win32
		{0E73467F-79DC-44FC-B013-1AF05772615F}.Release|Win32.ActiveCfg = Release|Win32
		{0E73467F-79DC-44FC-B013-1AF05772615F}.Release|Win32.Build.0 = Release|Win32
		{0E73467F-79DC-44FC-B013-1AF05772615F}.Release|x64.ActiveCfg = Release|Win32
		{9D496282-2D57-427C-852A-5299D86E1E39}.Debug|Win32.ActiveCfg = Debug|Win32
		{9D496282-2D57-427C-852A-5299D86E1E39}.Debug|Win32.Build.0 = Debug|Win32
		{9D496282-2D57-427C-852A-5299D86E1E39}.Debug|x64.ActiveCfg = Debug|Win32
		{9D496282-2D57-427C-852A-5299D86E1E39}.Release|Win32.ActiveCfg = Release|Win32
		{9D496282-2D57-427C-852A-5299D86E1E39}.Release|Win32.Build.0 = Release|Win32
		{9D496282-2D57-427C-852A-5299D86E1E39}.Release|x64.ActiveCfg = Release|Win32
		{8C9C4A7E-BE4D-4D27-91F0-ADB8CE64A729}.Debug|Win32.ActiveCfg = Debug|Win32
		{8C9C4A7E-BE4D-4D27-91F0-ADB8CE64A729}.Debug|Win32.Build.0 = Debug|Win32
		{8C9C4A7E-BE4D-4D27-91F0-ADB8CE64A729}.Debug|x64.ActiveCfg = Debug|Win32
		{8C9C4A7E-BE4D-4D27-91F0-ADB8CE64A729}.Release|Win32.ActiveCfg = Release|Win32
		{8C9C4A7E-BE4D-4D27-91F0-ADB8CE64A729}.Release|Win32.Build.0 = Release|Win32
		{8C9C4A7E-BE4D-4D27-91F0-ADB8CE64A729}.Release|x64.ActiveCfg = Release|Win32
		{487D2C47-8932-452B-8739-51B882F292F3}.Debug|Win32.ActiveCfg = Debug|Win32
		{487D2C47-8932-452B-8739-51B882F292F3}.Debug|Win32.Build.0 = Debug|Win32
		{487D2C47-8932-452B-8739-51B882F292F3}.Debug|x64.ActiveCfg = Debug|Win32
		{487D2C47-8932-452B-8739-51B882F292F3}.Release|Win32.ActiveCfg = Release|Win32
		{487D2C47-8932-452B-8739-51B882F292F3}.Release|Win32.Build.0 = Release|Win32
		{487D2C47-8932-452B-8739-51B882F292F3}.Release|x64.ActiveCfg = Release|Win32
		{3EF9F77E-8821-45B4-A20D-ADC20AA3053D}.Debug|Win32.ActiveCfg = Debug|Win32
		{3EF9F77E-8821-45B4-A20D-ADC20AA3053D}.Debug|Win32.Build.0 = Debug|Win32
		{3EF9F77E-8821-45B4-A20D-ADC20AA3053D}.Debug|x64.ActiveCfg = Debug|Win32
		{3EF9F77E-8821-45B4-A20D-ADC20AA3053D}.Release|Win32.ActiveCfg = Release|Win32
		{3EF9F77E-8821-45B4-A20D-ADC20AA3053D}.Release|Win32.Build.0 = Release|Win32
		{3EF9F77E-8821-45B4-A20D-ADC20AA3053D}.Release|x64.ActiveCfg = Release|Win32
		{48EBA7F4-9AA7-4BF8-B43F-068FA10AD110}.Debug|Win32.ActiveCfg = Debug|Win32
		{48EBA7F4-9AA7-4BF8-B43F-068FA10AD110}.Debug|Win32.Build.0 = Debug|Win32
		{48EBA7F4-9AA7-4BF8-B43F-068FA10AD110}.Debug|x64.ActiveCfg = Debug|Win32
		{48EBA7F4-9AA7-4BF8-B43F-068FA10AD110}.Release|Win32.ActiveCfg = Release|Win32
		{48EBA7F4-9AA7-4BF8-B43F-068FA10AD110}.Release|Win32.Build.0 = Release|Win32
		{48EBA7F4-9AA7-4BF8-B43F-068FA10AD110}.Release|x64.ActiveCfg = Release|Win32
		{C720FD2C-9B81-445E-8205-2FC8CAE95039}.Debug|Win32.ActiveCfg = Debug|Win32
		{C720FD2C-9B81-445E-8205-2FC8CAE95039}.Debug|Win32.Build.0 = Debug|Win32
		{C720FD2C-9B81-445E-8205-2FC8CAE95039}.Debug|x64.ActiveCfg = Debug|Win32
		{C720FD2C-9B81-445E-8205-2FC8CAE95039}.Release|Win32.ActiveCfg = Release|Win32
		{C720FD2C-9B81-445E-8205-2FC8CAE95039}.Release|Win32.Build.0 = Release|Win32
		{C720FD2C-9B81-445E-8205-2FC8CAE95039}.Release|x64.ActiveCfg = Release|Win32
		{437195BE-AD76-4C8E-B189-93852908E4F5}.Debug|Win32.ActiveCfg = Debug|Win32
		{437195BE-AD76-4C8E-B189-93852908E4F5}.Debug|Win32.Build.0 = Debug|Win32
		{437195BE-AD76-4C8E-B189-93852908E4F5}.Debug|x64.ActiveCfg = Debug|Win32
		{437195BE-AD76-4C8E-B189-93852908E4F5}.Release|Win32.ActiveCfg = Release|Win32
		{437195BE-AD76-4C8E-B189-93852908E4F5}.Release|Win32.Build.0 = Release|Win32
		{437195BE-AD76-4C8E-B189-93852908E4F5}.Release|x64.ActiveCfg = Release|Win32
		{0AD7FF82-9D94-4EE6-B0A8-87BCCD105D0E}.Debug|Win32.ActiveCfg = Debug|Win32
		{0AD7FF82-9D94-4EE6-B0A8-87BCCD105D0E}.Debug|Win32.Build.0 = Debug|Win32
		{0AD7FF82-9D94-4EE6-B0A8-87BCCD105D0E}.Debug|x64.ActiveCfg = Debug|Win32
		{0AD7FF82-9D94-4EE6-B0A8-87BCCD105D0E}.Release|Win32.ActiveCfg = Release|Win32
		{0AD7FF82-9D94-4EE6-B0A8-87BCCD105D0E}.Release|Win32.Build.0 = Release|Win32
		{0AD7FF82-9D94-4EE6-B0A8-87BCCD105D0E}.Release|x64.ActiveCfg = Release|Win32
		{4DAECCE1-1093-485C-B6E8-DE80CC6B06CC}.Debug|Win32.ActiveCfg = Debug|Win32
		{4DAECCE1-1093-485C-B6E8-DE80CC6B06CC}.Debug|Win32.Build.0 = Debug|Win32
		{4DAECCE1-1093-485C-B6E8-DE80CC6B06CC}.Debug|x64.ActiveCfg = Debug|Win32
		{4DAECCE1-1093-485C-B6E8-DE80CC6B06CC}.Release|Win32.ActiveCfg = Release|Win32
		{4DAECCE1-1093-485C-B6E8-DE80CC6B06CC}.Release|Win32.Build.0 = Release|Win32
		{4DAECCE1-1093-485C-B6E8-DE80CC6B06CC}.Release|x64.ActiveCfg = Release|Win32
		{E528012D-57CE-45EA-9D82-25AD9EEDEA2C}.Debug|Win32.ActiveCfg = Debug|Win32
		{E528012D-57CE-45EA-9D82-25AD9EEDEA2C}.Debug|Win32.Build.0 = Debug|Win32
		{E528012D-57CE-45EA-9D82-25AD9EEDEA2C}.Debug|x64.ActiveCfg = Debug|Win32
		{E528012D-57CE-45EA-9D82-25AD9EEDEA2C}.Release|Win32.ActiveCfg = Release|Win32
		{E528012D-57CE-45EA-9D82-25AD9EEDEA2C}.Release|Win32.Build.0 = Release|Win32
		{E528012D-57CE-45EA-9D82-25AD9EEDEA2C}.Release|x64.ActiveCfg = Release|Win32
		{92379FB7-BA6B-4526-A3A0-D837503ACFCC}.Debug|Win32.ActiveCfg = Debug|Win32
		{92379FB7-BA6B-4526-A3A0-D837503ACFCC}.Debug|Win32.Build.0 = Debug|Win32
		{92379FB7-BA6B-4526-A3A0-D837503ACFCC}.Debug|x64.ActiveCfg = Debug|Win32
		{92379FB7-BA6B-4526-A3A0-D837503ACFCC}.Release|Win32.ActiveCfg = Release|Win32
		{92379FB7-BA6B-4526-A3A0-D837503ACFCC}.Release|Win32.Build.0 = Release|Win32
		{92379FB7-BA6B-4526-A3A0-D837503ACFCC}.Release|x64.ActiveCfg = Release|Win32
		{353F57DC-404B-4FD0-9D0C-CBEAF2C96C1C}.Debug|Win32.ActiveCfg = Debug|Win32
		{353F57DC-404B-4FD0-9D0C-CBEAF2C96C1C}.Debug|Win32.Build.0 = Debug|Win32
		{353F57DC-404B-4FD0-9D0C-CBEAF2C96C1C}.Debug|x64.ActiveCfg = Debug|Win32
		{353F57DC-404B-4FD0-9D0C-CBEAF2C96C1C}.Release|Win32.ActiveCfg = Release|Win32
		{353F57DC-404B-4FD0-9D0C-CBEAF2C96C1C}.Release|Win32.Build.0 = Release|Win32
		{353F57DC-404B-4FD0-9D0C-CBEAF2C96C1C}.Release|x64.ActiveCfg = Release|Win32
		{AAFC83A0-E200-4861-A7E7-3C83A5DA76A0}.Debug|Win32.ActiveCfg = Debug|Win32
		{AAFC83A0-E200-4861-A7E7-3C83A5DA76A0}.Debug|Win32.Build.0 = Debug|Win32
		{AAFC83A0-E200-4861-A7E7-3C83A5DA76A0}.Debug|x64.ActiveCfg = Debug|Win32
		{AAFC83A0-E200-4861-A7E7-3C83A5DA76A0}.Release|Win32.ActiveCfg = Release|Win32
		{AAFC83A0-E200-4861-A7E7-3C83A5DA76A0}.Release|Win32.Build.0 = Release|Win32
		{AAFC83A0-E200-4861-A7E7-3C83A5DA76A0}.Release|x64.ActiveCfg = Release|Win32
		{FB045E03-5793-414C-916C-C0BB1E960923}.Debug|Win32.ActiveCfg = Debug|Win32
		{FB045E03-5793-414C-916C-C0BB1E960923}.Debug|Win32.Build.0 = Debug|Win32
		{FB045E03-5793-414C-916C-C0BB1E960923}.Debug|x64.ActiveCfg = Debug|Win32
		{FB045E03-5793-414C-916C-C0BB1E960923}.Release|Win32.ActiveCfg = Release|Win32
		{FB045E03-5793-414C-916C-C0BB1E960923}.Release|Win32.Build.0 = Release|Win32
		{FB045E03-5793-414C-916C-C0BB1E960923}.Release|x64.ActiveCfg = Release|Win32
		{F4DE48E5-4405-4F23-BC71-C86E890A30BF}.Debug|Win32.ActiveCfg = Debug|Win32
		{F4DE48E5-4405-4F23-BC71-C86E890A30BF}.Debug|Win32.Build.0 = Debug|Win32
		{F4DE48E5-4405-4F23-BC71-C86E890A30BF}.Debug|x64.ActiveCfg = Debug|Win32
		{F4DE48E5-4405-4F23-BC71-C86E890A30BF}.Release|Win32.ActiveCfg = Release|Win32
		{F4DE48E5-4405-4F23-BC71-C86E890A30BF}.Release|Win32.Build.0 = Release|Win32
		{F4DE48E5-4405-4F23-BC71-C86E890A30BF}.Release|x64.ActiveCfg = Release|Win32
		{6D42E99B-73B2-48F0-8FED-52C41E9FC0D2}.Debug|Win32.ActiveCfg = Debug|Win32
		{6D42E99B-73B2-48F0-8FED-52C41E9FC0D2}.Debug|Win32.Build.0 = Debug|Win32
		{6D42E99B-73B2-48F0-8FED-52C41E9FC0D2}.Debug|x64.ActiveCfg = Debug|Win32
		{6D42E99B-73B2-48F0-8FED-52C41E9FC0D2}.Release|Win32.ActiveCfg = Release|Win32
		{6D42E99B-73B2-48F0-8FED-52C41E9FC0D2}.Release|Win32.Build.0 = Release|Win32
		{6D42E99B-73B2-48F0-8FED-52C41E9FC0D2}.Release|x64.ActiveCfg = Release|Win32
		{7349DDAF-37F2-4C73-ACAA-08EF6CAB5F12}.Debug|Win32.ActiveCfg = Debug|Win32
		{7349DDAF-37F2-4C73-ACAA-08EF6CAB5F12}.Debug|Win32.Build.0 = Debug|Win32
		{7349DDAF-37F2-4C73-ACAA-08EF6CAB5F12}.Debug|x64.ActiveCfg = Debug|Win32
		{7349DDAF-37F2-4C73-ACAA-08EF6CAB5F12}.Release|Win32.ActiveCfg = Release|Win32
		{7349DDAF-37F2-4C73-ACAA-08EF6CAB5F12}.Release|Win32.Build.0 = Release|Win32
		{7349DDAF-37F2-4C73-ACAA-08EF6CAB5F12}.Release|x64.ActiveCfg = Release|Win32
		{4C2D7DD2-8C2D-4EA7-86C7-4CA0A02B662B}.Debug|Win32.ActiveCfg = Debug|Win32
		{4C2D7DD2-8C2D-4EA7-86C7-4CA0A02B662B}.Debug|Win32.Build.0 = Debug|Win32
		{4C2D7DD2-8C2D-4EA7-86C7-4CA0A02B662B}.Debug|x64.ActiveCfg = Debug|Win32
		{4C2D7DD2-8C2D-4EA7-86C7-4CA0A02B662B}.Release|Win32.ActiveCfg = Release|Win32
		{4C2D7DD2-8C2D-4EA7-86C7-4CA0A02B662B}.Release|Win32.Build.0 = Release|Win32
		{4C2D7DD2-8C2D-4EA7-86C7-4CA0A02B662B}.Release|x64.ActiveCfg = Release|Win32
		{B24D5AB8-F772-4B48-B8E5-0D7416AB6366}.Debug|Win32.ActiveCfg = Debug|Win32
		{B24D5AB8-F772-4B48-B8E5-0D7416AB6366}.Debug|Win32.Build.0 = Debug|Win32
		{B24D5AB8-F772-4B48-B8E5-0D7416AB6366}.Debug|x64.ActiveCfg = Debug|Win32
		{B24D5AB8-F772-4B48-B8E5-0D7416AB6366}.Release|Win32.ActiveCfg = Release|Win32
		{B24D5AB8-F772-4B48-B8E5-0D7416AB6366}.Release|Win32.Build.0 = Release|Win32
		{B24D5AB8-F772-4B48-B8E5-0D7416AB6366}.Release|x64.ActiveCfg = Release|Win32
		{8B6F97D4-D821-4599-8959-1BF278B5921B}.Debug|Win32.ActiveCfg = Debug|Win32
		{8B6F97D4-D821-4599-8959-1BF278B5921B}.Debug|Win32.Build.0 = Debug|Win32
		{8B6F97D4-D821-4599-8959-1BF278B5921B}.Debug|x64.ActiveCfg = Debug|Win32
		{8B6F97D4-D821-4599-8959-1BF278B5921B}.Release|Win32.ActiveCfg = Release|Win32
		{8B6F97D4-D821-4599-8959-1BF278B5921B}.Release|Win32.Build.0 = Release|Win32
		{8B6F97D4-D821-4599-8959-1BF278B5921B}.Release|x64.ActiveCfg = Release|Win32
		{21ED0B27-1AA1-41DB-B40E-6A0E7217EBF6}.Debug|Win32.ActiveCfg = Debug|Win32
		{21ED0B27-1AA1-41DB-B40E-6A0E7217EBF6}.Debug|Win32.Build.0 = Debug|Win32
		{21ED0B27-1AA1-41DB-B40E-6A0E7217EBF6}.Debug|x64.ActiveCfg = Debug|Win32
		{21ED0B27-1AA1-41DB-B40E-6A0E7217EBF6}.Release|Win32.ActiveCfg = Release|Win32
		{21ED0B27-1AA1-41DB-B40E-6A0E7217EBF6}.Release|Win32.Build.0 = Release|Win32
		{21ED0B27-1AA1-41DB-B40E-6A0E7217EBF6}.Release|x64.ActiveCfg = Release|Win32
		{BE64854E-AB6D-4CCE-8E2B-B92B8E6BFECA}.Debug|Win32.ActiveCfg = Debug|Win32
		{BE64854E-AB6D-4CCE-8E2B-B92B8E6BFECA}.Debug|Win32.Build.0 = Debug|Win32
		{BE64854E-AB6D-4CCE-8E2B-B92B8E6BFECA}.Debug|x64.ActiveCfg = Debug|Win32
		{BE64854E-AB6D-4CCE-8E2B-B92B8E6BFECA}.Release|Win32.ActiveCfg = Release|Win32
		{BE64854E-AB6D-4CCE-8E2B-B92B8E6BFECA}.Release|Win32.Build.0 = Release|Win32
		{BE64854E-AB6D-4CCE-8E2B-B92B8E6BFECA}.Release|x64.ActiveCfg = Release|Win32
		{83757841-3366-498B-9C03-351EE02012B2}.Debug|Win32.ActiveCfg = Debug|Win32
		{83757841-3366-498B-9C03-351EE02012B2}.Debug|Win32.Build.0 = Debug|Win32
		{83757841-3366-498B-9C03-351EE02012B2}.Debug|x64.ActiveCfg = Debug|Win32
		{83757841-3366-498B-9C03-351EE02012B2}.Release|Win32.ActiveCfg = Release|Win32
		{83757841-3366-498B-9C03-351EE02012B2}.Release|Win32.Build.0 = Release|Win32
		{83757841-3366-498B-9C03-351EE02012B2}.Release|x64.ActiveCfg = Release|Win32
		{DB665331-3CCA-435C-9048-47F0DA98EB25}.Debug|Win32.ActiveCfg = Debug|Win32
		{DB665331-3CCA-435C-9048-47F0DA98EB25}.Debug|Win32.Build.0 = Debug|Win32
		{DB665331-3CCA-435C-9048-47F0DA98EB25}.Debug|x64.ActiveCfg = Debug|Win32
		{DB665331-3CCA-435C-9048-47F0DA98EB25}.Release|Win32.ActiveCfg = Release|Win32
		{DB665331-3CCA-435C-9048-47F0DA98EB25}.Release|Win32.Build.0 = Release|Win32
		{DB665331-3CCA-435C-9048-47F0DA98EB25}.Release|x64.ActiveCfg = Release|Win32
		{863CD059-15A3-49A5-AA2E-28DE96EEE38E}.Debug|Win32.ActiveCfg = Debug|Win32
		{863CD059-15A3-49A5-AA2E-28DE96EEE38E}.Debug|Win32.Build.0 = Debug|Win32
		{863CD059-15A3-49A5-AA2E-28DE96EEE38E}.Debug|x64.ActiveCfg = Debug|Win32
		{863CD059-15A3-49A5-AA2E-28DE96EEE38E}.Release|Win32.ActiveCfg = Release|Win32
		{863CD059-15A3-49A5-AA2E-28DE96EEE38E}.Release|Win32.Build.0 = Release|Win32
		{863CD059-15A3-49A5-AA2E-28DE96EEE38E}.Release|x64.ActiveCfg = Release|Win32
		{E53E31D0-E806-44E0-A472-9689867FC516}.Debug|Win32.ActiveCfg = Debug|Win32
		{E53E31D0-E806-44E0-A472-9689867FC516}.Debug|Win32.Build.0 = Debug|Win32
		{E53E31D0-E806-44E0-A472-9689867FC516}.Debug|x64.ActiveCfg = Debug|Win32
		{E53E31D0-E806-44E0-A472-9689867FC516}.Release|Win32.ActiveCfg = Release|Win32
		{E53E31D0-E806-44E0-A472-9689867FC516}.Release|Win32.Build.0 = Release|Win32
		{E53E31D0-E806-44E0-A472-9689867FC516}.Release|x64.ActiveCfg = Release|Win32
		{3BD54D6F-30F4-4A93-A63D-326AFFDF971D}.Debug|Win32.ActiveCfg = Debug|Win32
		{3BD54D6F-30F4-4A93-A63D-326AFFDF971D}.Debug|Win32.Build.0 = Debug|Win32
		{3BD54D6F-30F4-4A93-A63D-326AFFDF971D}.Debug|x64.ActiveCfg = Debug|Win32
		{3BD54D6F-30F4-4A93-A63D-326AFFDF971D}.Release|Win32.ActiveCfg = Release|Win32
		{3BD54D6F-30F4-4A93-A63D-326AFFDF971D}.Release|Win32.Build.0 = Release|Win32
		{3BD54D6F-30F4-4A93-A63D-326AFFDF971D}.Release|x64.ActiveCfg = Release|Win32
		{550345F4-22C6-4BD8-80C1-2A36E0BAC4BF}.Debug|Win32.ActiveCfg = Debug|Win32
		{550345F4-22C6-4BD8-80C1-2A36E0BAC4BF}.Debug|Win32.Build.0 = Debug|Win32
		{550345F4-22C6-4BD8-80C1-2A36E0BAC4BF}.Debug|x64.ActiveCfg = Debug|Win32
		{550345F4-22C6-4BD8-80C1-2A36E0BAC4BF}.Release|Win32.ActiveCfg = Release|Win32
		{550345F4-22C6-4BD8-80C1-2A36E0BAC4BF}.Release|Win32.Build.0 = Release|Win32
		{550345F4-22C6-4BD8-80C1-2A36E0BAC4BF}.Release|x64.ActiveCfg = Release|Win32
		{566C76A7-8A4C-4194-B323-5CA50B9E82D5}.Debug|Win32.ActiveCfg = Debug|Win32
		{566C76A7-8A4C-4194-B323-5CA50B9E82D5}.Debug|Win32.Build.0 = Debug|Win32
		{566C76A7-8A4C-4194-B323-5CA50B9E82D5}.Debug|x64.ActiveCfg = Debug|Win32
		{566C76A7-8A4C-4194-B323-5CA50B9E82D5}.Release|Win32.ActiveCfg = Release|Win32
		{566C76A7-8A4C-4194-B323-5CA50B9E82D5}.Release|Win32.Build.0 = Release|Win32
		{566C76A7-8A4C-4194-B323-5CA50B9E82D5}.Release|x64.ActiveCfg = Release|Win32
		{021656C7-A822-4019-B1AA-F6D35AC489E2}.Debug|Win32.ActiveCfg = Debug|Win32
		{021656C7-A822-4019-B1AA-F6D35AC489E2}.Debug|Win32.Build.0 = Debug|Win32
		{021656C7-A822-4019-B1AA-F6D35AC489E2}.Debug|x64.ActiveCfg = Debug|Win32
		{021656C7-A822-4019-B1AA-F6D35AC489E2}.Release|Win32.ActiveCfg = Release|Win32
		{021656C7-A822-4019-B1AA-F6D35AC489E2}.Release|Win32.Build.0 = Release|Win32
		{021656C7-A822-4019-B1AA-F6D35AC489E2}.Release|x64.ActiveCfg = Release|Win32
		{C8EEA321-0FE5-4D42-92F7-E1BBB2A32911}.Debug|Win32.ActiveCfg = Debug|Win32
		{C8EEA321-0FE5-4D42-92F7-E1BBB2A32911}.Debug|Win32.Build.0 = Debug|Win32
		{C8EEA321-0FE5-4D42-92F7-E1BBB2A32911}.Debug|x64.ActiveCfg = Debug|Win32
		{C8EEA321-0FE5-4D42-92F7-E1BBB2A32911}.Release|Win32.ActiveCfg = Release|Win32
		{C8EEA321-0FE5-4D42-92F7-E1BBB2A32911}.Release|Win32.Build.0 = Release|Win32
		{C8EEA321-0FE5-4D42-92F7-E1BBB2A32911}.Release|x64.ActiveCfg = Release|Win32
		{771B0D80-DC15-470B-B5BF-DB9CA360ECC6}.Debug|Win32.ActiveCfg = Debug|Win32
		{771B0D80-DC15-470B-B5BF-DB9CA360ECC6}.Debug|Win32.Build.0 = Debug|Win32
		{771B0D80-DC15-470B-B5BF-DB9CA360ECC6}.Debug|x64.ActiveCfg = Debug|Win32
		{771B0D80-DC15-470B-B5BF-DB9CA360ECC6}.Release|Win32.ActiveCfg = Release|Win32
		{771B0D80-DC15-470B-B5BF-DB9CA360ECC6}.Release|Win32.Build.0 = Release|Win32
		{771B0D80-DC15-470B-B5BF-DB9CA360ECC6}.Release|x64.ActiveCfg = Release|Win32
		{8753F4B2-8D94-495C-95EE-C9E62F5F5661}.Debug|Win32.ActiveCfg = Debug|Win32
		{8753F4B2-8D94-495C-95EE-C9E62F5F5661}.Debug|Win32.Build.0 = Debug|Win32
		{8753F4B2-8D94-495C-95EE-C9E62F5F5661}.Debug|x64.ActiveCfg = Debug|Win32
		{8753F4B2-8D94-495C-95EE-C9E62F5F5661}.Release|Win32.ActiveCfg = Release|Win32
		{8753F4B2-8D94-495C-95EE-C9E62F5F5661}.Release|Win32.Build.0 = Release|Win32
		{8753F4B2-8D94-495C-95EE-C9E62F5F5661}.Release|x64.ActiveCfg = Release|Win32
		{1AE4E979-0D35-4747-BF8E-DD60358F49DB}.Debug|Win32.ActiveCfg = Debug_Static|Win32
		{1AE4E979-0D35-4747-BF8E-DD60358F49DB}.Debug|Win32.Build.0 = Debug_Static|Win32
		{1AE4E979-0D35-4747-BF8E-DD60358F49DB}.Debug|x64.ActiveCfg = Debug|x64
		{1AE4E979-0D35-4747-BF8E-DD60358F49DB}.Debug|x64.Build.0 = Debug|x64
		{1AE4E979-0D35-4747-BF8E-DD60358F49DB}.Release|Win32.ActiveCfg = Release_Static|Win32
		{1AE4E979-0D35-4747-BF8E-DD60358F49DB}.Release|Win32.Build.0 = Release_Static|Win32
		{1AE4E979-0D35-4747-BF8E-DD60358F49DB}.Release|x64.ActiveCfg = Release|x64
		{1AE4E979-0D35-4747-BF8E-DD60358F49DB}.Release|x64.Build.0 = Release|x64
		{664E6F0D-6784-4760-9565-D54F8EB1EDF4}.Debug|Win32.ActiveCfg = Debug|Win32
		{664E6F0D-6784-4760-9565-D54F8EB1EDF4}.Debug|Win32.Build.0 = Debug|Win32
		{664E6F0D-6784-4760-9565-D54F8EB1EDF4}.Debug|x64.ActiveCfg = Debug|x64
		{664E6F0D-6784-4760-9565-D54F8EB1EDF4}.Debug|x64.Build.0 = Debug|x64
		{664E6F0D-6784-4760-9565-D54F8EB1EDF4}.Release|Win32.ActiveCfg = Release|Win32
		{664E6F0D-6784-4760-9565-D54F8EB1EDF4}.Release|Win32.Build.0 = Release|Win32
		{664E6F0D-6784-4760-9565-D54F8EB1EDF4}.Release|x64.ActiveCfg = Release|x64
		{664E6F0D-6784-4760-9565-D54F8EB1EDF4}.Release|x64.Build.0 = Release|x64
		{C32FB2B4-500C-43CD-A099-EECCE079D3F1}.Debug|Win32.ActiveCfg = Debug|Win32
		{C32FB2B4-500C-43CD-A099-EECCE079D3F1}.Debug|Win32.Build.0 = Debug|Win32
		{C32FB2B4-500C-43CD-A099-EECCE079D3F1}.Debug|x64.ActiveCfg = Debug|x64
		{C32FB2B4-500C-43CD-A099-EECCE079D3F1}.Debug|x64.Build.0 = Debug|x64
		{C32FB2B4-500C-43CD-A099-EECCE079D3F1}.Release|Win32.ActiveCfg = Release|Win32
		{C32FB2B4-500C-43CD-A099-EECCE079D3F1}.Release|Win32.Build.0 = Release|Win32
		{C32FB2B4-500C-43CD-A099-EECCE079D3F1}.Release|x64.ActiveCfg = Release|x64
		{C32FB2B4-500C-43CD-A099-EECCE079D3F1}.Release|x64.Build.0 = Release|x64
	EndGlobalSection
	GlobalSection(SolutionProperties) = preSolution
		HideSolutionNode = FALSE
	EndGlobalSection
	GlobalSection(NestedProjects) = preSolution
		{E6421DCA-5B32-4127-B3EC-F84AD85F06BC} = {9385F9BA-D33F-4554-BDDD-4C633017E6BE}
		{009EF3D1-4A2F-48A6-B796-A50BEA38DECD} = {9385F9BA-D33F-4554-BDDD-4C633017E6BE}
		{07CFB0AF-791D-4339-BDC4-05298F427E69} = {9385F9BA-D33F-4554-BDDD-4C633017E6BE}
		{B183B343-0BDC-47AA-A9C0-DB90F5796989} = {9385F9BA-D33F-4554-BDDD-4C633017E6BE}
		{B082C449-C1CE-40D3-B585-D0CF7B389AC9} = {9385F9BA-D33F-4554-BDDD-4C633017E6BE}
		{935B349F-41BC-4AC8-8427-6878D0B101BB} = {9385F9BA-D33F-4554-BDDD-4C633017E6BE}
		{DDDC0876-5CD6-45B3-9B87-BA258049524A} = {ED10E2C5-AB20-4494-9FAD-2C0B35883576}
		{A13AC48F-A95A-4CE5-8916-7209F0D3B65A} = {ED10E2C5-AB20-4494-9FAD-2C0B35883576}
		{ED030995-3452-41CE-913F-7E3B4F9F6808} = {ED10E2C5-AB20-4494-9FAD-2C0B35883576}
		{AF500838-C2CA-4007-A5F6-EF448E8FB2B3} = {ED10E2C5-AB20-4494-9FAD-2C0B35883576}
		{31192AFB-982F-4588-8AE5-1348EC2D5C9E} = {ED10E2C5-AB20-4494-9FAD-2C0B35883576}
		{A5295F7A-5BF5-4AEF-A6F7-7CF3FDBE04EF} = {ED10E2C5-AB20-4494-9FAD-2C0B35883576}
		{F9239E26-DE57-422B-B0E3-D858D360232F} = {ED10E2C5-AB20-4494-9FAD-2C0B35883576}
		{977D6E2B-2E6D-4163-96CF-1933F884D109} = {A2831156-0D4F-4A8D-892E-0B612CF3E4D8}
		{3315BF0A-FD3F-4BFD-BEF5-7B49E764DE7E} = {A2831156-0D4F-4A8D-892E-0B612CF3E4D8}
		{D7B3B3A9-BA9C-47A0-9615-B522FD4F2E23} = {A2831156-0D4F-4A8D-892E-0B612CF3E4D8}
		{D7D9879C-CB88-4D17-9724-7F56F49B4282} = {A2831156-0D4F-4A8D-892E-0B612CF3E4D8}
		{2A0AC4C3-7DD5-4162-A350-E1513FE931D9} = {A2831156-0D4F-4A8D-892E-0B612CF3E4D8}
		{0E73467F-79DC-44FC-B013-1AF05772615F} = {A2831156-0D4F-4A8D-892E-0B612CF3E4D8}
		{9D496282-2D57-427C-852A-5299D86E1E39} = {A2831156-0D4F-4A8D-892E-0B612CF3E4D8}
		{8C9C4A7E-BE4D-4D27-91F0-ADB8CE64A729} = {023EAA46-385D-44B0-BFE0-E678F2DB2379}
		{487D2C47-8932-452B-8739-51B882F292F3} = {023EAA46-385D-44B0-BFE0-E678F2DB2379}
		{3EF9F77E-8821-45B4-A20D-ADC20AA3053D} = {023EAA46-385D-44B0-BFE0-E678F2DB2379}
		{48EBA7F4-9AA7-4BF8-B43F-068FA10AD110} = {023EAA46-385D-44B0-BFE0-E678F2DB2379}
		{C720FD2C-9B81-445E-8205-2FC8CAE95039} = {023EAA46-385D-44B0-BFE0-E678F2DB2379}
		{437195BE-AD76-4C8E-B189-93852908E4F5} = {023EAA46-385D-44B0-BFE0-E678F2DB2379}
		{0AD7FF82-9D94-4EE6-B0A8-87BCCD105D0E} = {023EAA46-385D-44B0-BFE0-E678F2DB2379}
		{4DAECCE1-1093-485C-B6E8-DE80CC6B06CC} = {023EAA46-385D-44B0-BFE0-E678F2DB2379}
		{E528012D-57CE-45EA-9D82-25AD9EEDEA2C} = {3212825F-158E-43E0-89CE-54BAB65BACE1}
		{92379FB7-BA6B-4526-A3A0-D837503ACFCC} = {3212825F-158E-43E0-89CE-54BAB65BACE1}
		{353F57DC-404B-4FD0-9D0C-CBEAF2C96C1C} = {3212825F-158E-43E0-89CE-54BAB65BACE1}
		{AAFC83A0-E200-4861-A7E7-3C83A5DA76A0} = {3212825F-158E-43E0-89CE-54BAB65BACE1}
		{FB045E03-5793-414C-916C-C0BB1E960923} = {3212825F-158E-43E0-89CE-54BAB65BACE1}
		{F4DE48E5-4405-4F23-BC71-C86E890A30BF} = {3212825F-158E-43E0-89CE-54BAB65BACE1}
		{6D42E99B-73B2-48F0-8FED-52C41E9FC0D2} = {9ACE8DA1-B35B-4A00-ABC4-4ACC856F694D}
		{7349DDAF-37F2-4C73-ACAA-08EF6CAB5F12} = {9ACE8DA1-B35B-4A00-ABC4-4ACC856F694D}
		{4C2D7DD2-8C2D-4EA7-86C7-4CA0A02B662B} = {9ACE8DA1-B35B-4A00-ABC4-4ACC856F694D}
		{B24D5AB8-F772-4B48-B8E5-0D7416AB6366} = {9ACE8DA1-B35B-4A00-ABC4-4ACC856F694D}
		{8B6F97D4-D821-4599-8959-1BF278B5921B} = {9ACE8DA1-B35B-4A00-ABC4-4ACC856F694D}
		{21ED0B27-1AA1-41DB-B40E-6A0E7217EBF6} = {9ACE8DA1-B35B-4A00-ABC4-4ACC856F694D}
		{BE64854E-AB6D-4CCE-8E2B-B92B8E6BFECA} = {70F31685-4F35-4B8E-85FD-85DC0F7DA3B2}
		{83757841-3366-498B-9C03-351EE02012B2} = {70F31685-4F35-4B8E-85FD-85DC0F7DA3B2}
		{DB665331-3CCA-435C-9048-47F0DA98EB25} = {70F31685-4F35-4B8E-85FD-85DC0F7DA3B2}
		{863CD059-15A3-49A5-AA2E-28DE96EEE38E} = {70F31685-4F35-4B8E-85FD-85DC0F7DA3B2}
		{E53E31D0-E806-44E0-A472-9689867FC516} = {70F31685-4F35-4B8E-85FD-85DC0F7DA3B2}
		{3BD54D6F-30F4-4A93-A63D-326AFFDF971D} = {70F31685-4F35-4B8E-85FD-85DC0F7DA3B2}
		{550345F4-22C6-4BD8-80C1-2A36E0BAC4BF} = {70F31685-4F35-4B8E-85FD-85DC0F7DA3B2}
		{566C76A7-8A4C-4194-B323-5CA50B9E82D5} = {7A32F45B-2778-4F78-A0CA-9EEA56EDC42B}
		{021656C7-A822-4019-B1AA-F6D35AC489E2} = {7A32F45B-2778-4F78-A0CA-9EEA56EDC42B}
		{C8EEA321-0FE5-4D42-92F7-E1BBB2A32911} = {7A32F45B-2778-4F78-A0CA-9EEA56EDC42B}
		{771B0D80-DC15-470B-B5BF-DB9CA360ECC6} = {7A32F45B-2778-4F78-A0CA-9EEA56EDC42B}
		{8753F4B2-8D94-495C-95EE-C9E62F5F5661} = {7A32F45B-2778-4F78-A0CA-9EEA56EDC42B}
		{1AE4E979-0D35-4747-BF8E-DD60358F49DB} = {5A79F146-98AB-4B1E-9172-F193C98EB6C9}
		{664E6F0D-6784-4760-9565-D54F8EB1EDF4} = {5A79F146-98AB-4B1E-9172-F193C98EB6C9}
		{C32FB2B4-500C-43CD-A099-EECCE079D3F1} = {5A79F146-98AB-4B1E-9172-F193C98EB6C9}
	EndGlobalSection
EndGlobal
